
Microsoft Visual Studio Solution File, Format Version 12.00
# Visual Studio 14
VisualStudioVersion = 14.0.25420.1
MinimumVisualStudioVersion = 10.0.40219.1
Project("{FAE04EC0-301F-11D3-BF4B-00C04F79EFBC}") = "DiaryOfSportsNutrition_Andrianova", "DiaryOfSportsNutrition_Andrianova\DiaryOfSportsNutrition_Andrianova.csproj", "{BE6AC167-FDD2-42C8-BEB1-27638FEDF29A}"
EndProject
Project("{FAE04EC0-301F-11D3-BF4B-00C04F79EFBC}") = "DiaryOfNutrition_Andrianova", "DiaryOfNutrition_Andrianova\DiaryOfNutrition_Andrianova.csproj", "{2AB4D0EA-89AB-4CB9-B7E1-344DE337DEA5}"
EndProject
Project("{54435603-DBB4-11D2-8724-00A0C9A8B90C}") = "Setup", "SetupWizard\Setup\Setup.vdproj", "{70E062E6-624C-483E-80E2-FBEFE6EC263F}"
EndProject
Global
	GlobalSection(SolutionConfigurationPlatforms) = preSolution
		Debug|Any CPU = Debug|Any CPU
		Release|Any CPU = Release|Any CPU
	EndGlobalSection
	GlobalSection(ProjectConfigurationPlatforms) = postSolution
		{BE6AC167-FDD2-42C8-BEB1-27638FEDF29A}.Debug|Any CPU.ActiveCfg = Debug|Any CPU
		{BE6AC167-FDD2-42C8-BEB1-27638FEDF29A}.Debug|Any CPU.Build.0 = Debug|Any CPU
		{BE6AC167-FDD2-42C8-BEB1-27638FEDF29A}.Release|Any CPU.ActiveCfg = Release|Any CPU
		{BE6AC167-FDD2-42C8-BEB1-27638FEDF29A}.Release|Any CPU.Build.0 = Release|Any CPU
		{2AB4D0EA-89AB-4CB9-B7E1-344DE337DEA5}.Debug|Any CPU.ActiveCfg = Debug|Any CPU
		{2AB4D0EA-89AB-4CB9-B7E1-344DE337DEA5}.Debug|Any CPU.Build.0 = Debug|Any CPU
		{2AB4D0EA-89AB-4CB9-B7E1-344DE337DEA5}.Release|Any CPU.ActiveCfg = Release|Any CPU
		{2AB4D0EA-89AB-4CB9-B7E1-344DE337DEA5}.Release|Any CPU.Build.0 = Release|Any CPU
		{70E062E6-624C-483E-80E2-FBEFE6EC263F}.Debug|Any CPU.ActiveCfg = Debug
		{70E062E6-624C-483E-80E2-FBEFE6EC263F}.Release|Any CPU.ActiveCfg = Release
	EndGlobalSection
	GlobalSection(SolutionProperties) = preSolution
		HideSolutionNode = FALSE
	EndGlobalSection
EndGlobal
